
Microsoft Visual Studio Solution File, Format Version 12.00
# Visual Studio Version 17
VisualStudioVersion = 17.3.32825.248
MinimumVisualStudioVersion = 10.0.40219.1
Project("{FAE04EC0-301F-11D3-BF4B-00C04F79EFBC}") = "ssrs_onkey_no_login", "ssrs_onkey_no_login\ssrs_onkey_no_login.csproj", "{A5C31990-2AB5-4DFC-B1CA-53808D77EEC0}"
EndProject
Global
	GlobalSection(SolutionConfigurationPlatforms) = preSolution
		Debug|Any CPU = Debug|Any CPU
		Release|Any CPU = Release|Any CPU
	EndGlobalSection
	GlobalSection(ProjectConfigurationPlatforms) = postSolution
		{A5C31990-2AB5-4DFC-B1CA-53808D77EEC0}.Debug|Any CPU.ActiveCfg = Debug|Any CPU
		{A5C31990-2AB5-4DFC-B1CA-53808D77EEC0}.Debug|Any CPU.Build.0 = Debug|Any CPU
		{A5C31990-2AB5-4DFC-B1CA-53808D77EEC0}.Release|Any CPU.ActiveCfg = Release|Any CPU
		{A5C31990-2AB5-4DFC-B1CA-53808D77EEC0}.Release|Any CPU.Build.0 = Release|Any CPU
	EndGlobalSection
	GlobalSection(SolutionProperties) = preSolution
		HideSolutionNode = FALSE
	EndGlobalSection
	GlobalSection(ExtensibilityGlobals) = postSolution
		SolutionGuid = {4FBF091F-AFB7-49FA-A7EC-6FBFBAB78DDF}
	EndGlobalSection
EndGlobal
